
Microsoft Visual Studio Solution File, Format Version 12.00
# Visual Studio 15
VisualStudioVersion = 15.0.28307.329
MinimumVisualStudioVersion = 10.0.40219.1
Project("{FAE04EC0-301F-11D3-BF4B-00C04F79EFBC}") = "recursividad", "recursividad\recursividad.csproj", "{CF070C7A-13C7-4999-B0A2-9458479FC215}"
EndProject
Global
	GlobalSection(SolutionConfigurationPlatforms) = preSolution
		Debug|Any CPU = Debug|Any CPU
		Release|Any CPU = Release|Any CPU
	EndGlobalSection
	GlobalSection(ProjectConfigurationPlatforms) = postSolution
		{CF070C7A-13C7-4999-B0A2-9458479FC215}.Debug|Any CPU.ActiveCfg = Debug|Any CPU
		{CF070C7A-13C7-4999-B0A2-9458479FC215}.Debug|Any CPU.Build.0 = Debug|Any CPU
		{CF070C7A-13C7-4999-B0A2-9458479FC215}.Release|Any CPU.ActiveCfg = Release|Any CPU
		{CF070C7A-13C7-4999-B0A2-9458479FC215}.Release|Any CPU.Build.0 = Release|Any CPU
	EndGlobalSection
	GlobalSection(SolutionProperties) = preSolution
		HideSolutionNode = FALSE
	EndGlobalSection
	GlobalSection(ExtensibilityGlobals) = postSolution
		SolutionGuid = {86FCBE42-E31E-4145-AC64-8E82909B03B1}
	EndGlobalSection
EndGlobal
