
Microsoft Visual Studio Solution File, Format Version 12.00
# Visual Studio 15
VisualStudioVersion = 15.0.27130.2036
MinimumVisualStudioVersion = 10.0.40219.1
Project("{FAE04EC0-301F-11D3-BF4B-00C04F79EFBC}") = "linqmetodo", "linqmetodo\linqmetodo.csproj", "{877895C8-CCFF-4C40-BEC0-79D8D0AEB070}"
EndProject
Global
	GlobalSection(SolutionConfigurationPlatforms) = preSolution
		Debug|Any CPU = Debug|Any CPU
		Release|Any CPU = Release|Any CPU
	EndGlobalSection
	GlobalSection(ProjectConfigurationPlatforms) = postSolution
		{877895C8-CCFF-4C40-BEC0-79D8D0AEB070}.Debug|Any CPU.ActiveCfg = Debug|Any CPU
		{877895C8-CCFF-4C40-BEC0-79D8D0AEB070}.Debug|Any CPU.Build.0 = Debug|Any CPU
		{877895C8-CCFF-4C40-BEC0-79D8D0AEB070}.Release|Any CPU.ActiveCfg = Release|Any CPU
		{877895C8-CCFF-4C40-BEC0-79D8D0AEB070}.Release|Any CPU.Build.0 = Release|Any CPU
	EndGlobalSection
	GlobalSection(SolutionProperties) = preSolution
		HideSolutionNode = FALSE
	EndGlobalSection
	GlobalSection(ExtensibilityGlobals) = postSolution
		SolutionGuid = {CEFE090A-0525-4ED6-B238-361131555323}
	EndGlobalSection
EndGlobal
