
Microsoft Visual Studio Solution File, Format Version 12.00
# Visual Studio 15
VisualStudioVersion = 15.0.28307.329
MinimumVisualStudioVersion = 10.0.40219.1
Project("{FAE04EC0-301F-11D3-BF4B-00C04F79EFBC}") = "parcial1", "parcial1\parcial1.csproj", "{D87ECFE1-1624-4587-94F1-2236D2D691B0}"
EndProject
Global
	GlobalSection(SolutionConfigurationPlatforms) = preSolution
		Debug|Any CPU = Debug|Any CPU
		Release|Any CPU = Release|Any CPU
	EndGlobalSection
	GlobalSection(ProjectConfigurationPlatforms) = postSolution
		{D87ECFE1-1624-4587-94F1-2236D2D691B0}.Debug|Any CPU.ActiveCfg = Debug|Any CPU
		{D87ECFE1-1624-4587-94F1-2236D2D691B0}.Debug|Any CPU.Build.0 = Debug|Any CPU
		{D87ECFE1-1624-4587-94F1-2236D2D691B0}.Release|Any CPU.ActiveCfg = Release|Any CPU
		{D87ECFE1-1624-4587-94F1-2236D2D691B0}.Release|Any CPU.Build.0 = Release|Any CPU
	EndGlobalSection
	GlobalSection(SolutionProperties) = preSolution
		HideSolutionNode = FALSE
	EndGlobalSection
	GlobalSection(ExtensibilityGlobals) = postSolution
		SolutionGuid = {FEFBC3D7-34D2-4DDB-836F-234D1B78E4BE}
	EndGlobalSection
EndGlobal
