
Microsoft Visual Studio Solution File, Format Version 12.00
# Visual Studio 15
VisualStudioVersion = 15.0.28307.329
MinimumVisualStudioVersion = 10.0.40219.1
Project("{FAE04EC0-301F-11D3-BF4B-00C04F79EFBC}") = "recursividadtablade3", "recursividadtablade3\recursividadtablade3.csproj", "{581BD7F8-508B-416F-9B94-F1AC53574338}"
EndProject
Global
	GlobalSection(SolutionConfigurationPlatforms) = preSolution
		Debug|Any CPU = Debug|Any CPU
		Release|Any CPU = Release|Any CPU
	EndGlobalSection
	GlobalSection(ProjectConfigurationPlatforms) = postSolution
		{581BD7F8-508B-416F-9B94-F1AC53574338}.Debug|Any CPU.ActiveCfg = Debug|Any CPU
		{581BD7F8-508B-416F-9B94-F1AC53574338}.Debug|Any CPU.Build.0 = Debug|Any CPU
		{581BD7F8-508B-416F-9B94-F1AC53574338}.Release|Any CPU.ActiveCfg = Release|Any CPU
		{581BD7F8-508B-416F-9B94-F1AC53574338}.Release|Any CPU.Build.0 = Release|Any CPU
	EndGlobalSection
	GlobalSection(SolutionProperties) = preSolution
		HideSolutionNode = FALSE
	EndGlobalSection
	GlobalSection(ExtensibilityGlobals) = postSolution
		SolutionGuid = {09428A4E-1C57-4F72-A6C5-B91E71C6C2D7}
	EndGlobalSection
EndGlobal
