
Microsoft Visual Studio Solution File, Format Version 12.00
# Visual Studio 15
VisualStudioVersion = 15.0.27130.2036
MinimumVisualStudioVersion = 10.0.40219.1
Project("{FAE04EC0-301F-11D3-BF4B-00C04F79EFBC}") = "pilaalumno", "pilaalumno\pilaalumno.csproj", "{5524F3D3-AEDD-4B0F-894F-BB9D379A71FE}"
EndProject
Global
	GlobalSection(SolutionConfigurationPlatforms) = preSolution
		Debug|Any CPU = Debug|Any CPU
		Release|Any CPU = Release|Any CPU
	EndGlobalSection
	GlobalSection(ProjectConfigurationPlatforms) = postSolution
		{5524F3D3-AEDD-4B0F-894F-BB9D379A71FE}.Debug|Any CPU.ActiveCfg = Debug|Any CPU
		{5524F3D3-AEDD-4B0F-894F-BB9D379A71FE}.Debug|Any CPU.Build.0 = Debug|Any CPU
		{5524F3D3-AEDD-4B0F-894F-BB9D379A71FE}.Release|Any CPU.ActiveCfg = Release|Any CPU
		{5524F3D3-AEDD-4B0F-894F-BB9D379A71FE}.Release|Any CPU.Build.0 = Release|Any CPU
	EndGlobalSection
	GlobalSection(SolutionProperties) = preSolution
		HideSolutionNode = FALSE
	EndGlobalSection
	GlobalSection(ExtensibilityGlobals) = postSolution
		SolutionGuid = {3852CF40-163F-46EF-9656-2A5F67F5644D}
	EndGlobalSection
EndGlobal
