
Microsoft Visual Studio Solution File, Format Version 12.00
# Visual Studio 15
VisualStudioVersion = 15.0.27130.2036
MinimumVisualStudioVersion = 10.0.40219.1
Project("{FAE04EC0-301F-11D3-BF4B-00C04F79EFBC}") = "tareanro1", "tareanro1\tareanro1.csproj", "{2A9E2D69-F0AF-455D-AB97-B63E4A20DECD}"
EndProject
Global
	GlobalSection(SolutionConfigurationPlatforms) = preSolution
		Debug|Any CPU = Debug|Any CPU
		Release|Any CPU = Release|Any CPU
	EndGlobalSection
	GlobalSection(ProjectConfigurationPlatforms) = postSolution
		{2A9E2D69-F0AF-455D-AB97-B63E4A20DECD}.Debug|Any CPU.ActiveCfg = Debug|Any CPU
		{2A9E2D69-F0AF-455D-AB97-B63E4A20DECD}.Debug|Any CPU.Build.0 = Debug|Any CPU
		{2A9E2D69-F0AF-455D-AB97-B63E4A20DECD}.Release|Any CPU.ActiveCfg = Release|Any CPU
		{2A9E2D69-F0AF-455D-AB97-B63E4A20DECD}.Release|Any CPU.Build.0 = Release|Any CPU
	EndGlobalSection
	GlobalSection(SolutionProperties) = preSolution
		HideSolutionNode = FALSE
	EndGlobalSection
	GlobalSection(ExtensibilityGlobals) = postSolution
		SolutionGuid = {1B0F28ED-701B-4B2F-BA8D-D290FE6750CB}
	EndGlobalSection
EndGlobal
