
Microsoft Visual Studio Solution File, Format Version 12.00
# Visual Studio 15
VisualStudioVersion = 15.0.28307.329
MinimumVisualStudioVersion = 10.0.40219.1
Project("{FAE04EC0-301F-11D3-BF4B-00C04F79EFBC}") = "parcialejer2", "parcialejer2\parcialejer2.csproj", "{F2DBFA4C-CF54-4506-AD28-635910698F53}"
EndProject
Global
	GlobalSection(SolutionConfigurationPlatforms) = preSolution
		Debug|Any CPU = Debug|Any CPU
		Release|Any CPU = Release|Any CPU
	EndGlobalSection
	GlobalSection(ProjectConfigurationPlatforms) = postSolution
		{F2DBFA4C-CF54-4506-AD28-635910698F53}.Debug|Any CPU.ActiveCfg = Debug|Any CPU
		{F2DBFA4C-CF54-4506-AD28-635910698F53}.Debug|Any CPU.Build.0 = Debug|Any CPU
		{F2DBFA4C-CF54-4506-AD28-635910698F53}.Release|Any CPU.ActiveCfg = Release|Any CPU
		{F2DBFA4C-CF54-4506-AD28-635910698F53}.Release|Any CPU.Build.0 = Release|Any CPU
	EndGlobalSection
	GlobalSection(SolutionProperties) = preSolution
		HideSolutionNode = FALSE
	EndGlobalSection
	GlobalSection(ExtensibilityGlobals) = postSolution
		SolutionGuid = {A5B86DB9-6E46-4166-8BBB-0BC567A9C8C5}
	EndGlobalSection
EndGlobal
